
Microsoft Visual Studio Solution File, Format Version 12.00
# Visual Studio 15
VisualStudioVersion = 15.0.28307.421
MinimumVisualStudioVersion = 10.0.40219.1
Project("{FAE04EC0-301F-11D3-BF4B-00C04F79EFBC}") = "AgonesClient", "AgonesClient\AgonesClient.csproj", "{F503DE5D-933B-4191-8853-EFE5B93E4329}"
EndProject
Project("{9A19103F-16F7-4668-BE54-9A1E7A4F7556}") = "AgonesTestCore", "AgonesTestCore\AgonesTestCore.csproj", "{53D0329D-F396-4804-AD9C-0326F5D69889}"
EndProject
Global
	GlobalSection(SolutionConfigurationPlatforms) = preSolution
		Debug|Any CPU = Debug|Any CPU
		Release|Any CPU = Release|Any CPU
	EndGlobalSection
	GlobalSection(ProjectConfigurationPlatforms) = postSolution
		{F503DE5D-933B-4191-8853-EFE5B93E4329}.Debug|Any CPU.ActiveCfg = Debug|Any CPU
		{F503DE5D-933B-4191-8853-EFE5B93E4329}.Debug|Any CPU.Build.0 = Debug|Any CPU
		{F503DE5D-933B-4191-8853-EFE5B93E4329}.Release|Any CPU.ActiveCfg = Release|Any CPU
		{F503DE5D-933B-4191-8853-EFE5B93E4329}.Release|Any CPU.Build.0 = Release|Any CPU
		{53D0329D-F396-4804-AD9C-0326F5D69889}.Debug|Any CPU.ActiveCfg = Debug|Any CPU
		{53D0329D-F396-4804-AD9C-0326F5D69889}.Debug|Any CPU.Build.0 = Debug|Any CPU
		{53D0329D-F396-4804-AD9C-0326F5D69889}.Release|Any CPU.ActiveCfg = Release|Any CPU
		{53D0329D-F396-4804-AD9C-0326F5D69889}.Release|Any CPU.Build.0 = Release|Any CPU
	EndGlobalSection
	GlobalSection(SolutionProperties) = preSolution
		HideSolutionNode = FALSE
	EndGlobalSection
	GlobalSection(ExtensibilityGlobals) = postSolution
		SolutionGuid = {D431AFE0-2C65-46E9-B418-021302F5D1C5}
	EndGlobalSection
EndGlobal
