{
  "name": "nodejs-simple",
  "lockfileVersion": 2,
  "requires": true,
  "packages": {
    "": {
      "dependencies": {
        "@google-cloud/agones-sdk": "file:../../sdks/nodejs"
      }
    },
    "../../sdks/nodejs": {
      "version": "1.21.0-dev",
      "license": "Apache-2.0",
      "dependencies": {
        "@grpc/grpc-js": "1.5.4",
        "google-protobuf": "3.19.4"
      },
      "devDependencies": {
        "eslint": "^8.8.0",
        "jasmine": "^4.0.2",
        "nyc": "^15.1.0"
      }
    },
    "node_modules/@google-cloud/agones-sdk": {
      "resolved": "../../sdks/nodejs",
      "link": true
    }
  },
  "dependencies": {
    "@google-cloud/agones-sdk": {
      "version": "file:../../sdks/nodejs",
      "requires": {
        "@grpc/grpc-js": "1.5.4",
        "eslint": "^8.8.0",
        "google-protobuf": "3.19.4",
        "jasmine": "^4.0.2",
        "nyc": "^15.1.0"
      }
    }
  }
}
